{
  "name": "l-cli",
  "version": "1.0.0",
  "lockfileVersion": 1,
  "requires": true,
  "dependencies": {
    "chalk": {
      "version": "2.4.2",
      "resolved": "https://registry.npm.taobao.org/chalk/download/chalk-2.4.2.tgz?cache=0&sync_timestamp=1573282918610&other_urls=https%3A%2F%2Fregistry.npm.taobao.org%2Fchalk%2Fdownload%2Fchalk-2.4.2.tgz",
      "dependencies": {
        "ansi-styles": {
          "version": "https://registry.npm.taobao.org/ansi-styles/download/ansi-styles-3.2.1.tgz?cache=0&sync_timestamp=1573557628456&other_urls=https%3A%2F%2Fregistry.npm.taobao.org%2Fansi-styles%2Fdownload%2Fansi-styles-3.2.1.tgz",
          "bundled": true,
          "dependencies": {
            "color-convert": {
              "version": "https://registry.npm.taobao.org/color-convert/download/color-convert-1.9.3.tgz?cache=0&sync_timestamp=1566248870121&other_urls=https%3A%2F%2Fregistry.npm.taobao.org%2Fcolor-convert%2Fdownload%2Fcolor-convert-1.9.3.tgz"
            }
          }
        },
        "escape-string-regexp": {
          "version": "https://registry.npm.taobao.org/escape-string-regexp/download/escape-string-regexp-1.0.5.tgz?cache=0&other_urls=https%3A%2F%2Fregistry.npm.taobao.org%2Fescape-string-regexp%2Fdownload%2Fescape-string-regexp-1.0.5.tgz",
          "bundled": true
        },
        "supports-color": {
          "version": "https://registry.npm.taobao.org/supports-color/download/supports-color-5.5.0.tgz?cache=0&other_urls=https%3A%2F%2Fregistry.npm.taobao.org%2Fsupports-color%2Fdownload%2Fsupports-color-5.5.0.tgz",
          "bundled": true
        }
      }
    },
    "commander": {
      "version": "2.20.3",
      "resolved": "https://registry.npm.taobao.org/commander/download/commander-2.20.3.tgz?cache=0&sync_timestamp=1573464028535&other_urls=https%3A%2F%2Fregistry.npm.taobao.org%2Fcommander%2Fdownload%2Fcommander-2.20.3.tgz"
    },
    "download-git-repo": {
      "version": "1.1.0",
      "resolved": "https://registry.npm.taobao.org/download-git-repo/download/download-git-repo-1.1.0.tgz",
      "dependencies": {
        "download": {
          "version": "https://registry.npm.taobao.org/download/download/download-5.0.3.tgz",
          "bundled": true
        },
        "git-clone": {
          "version": "https://registry.npm.taobao.org/git-clone/download/git-clone-0.1.0.tgz",
          "bundled": true
        },
        "rimraf": {
          "version": "https://registry.npm.taobao.org/rimraf/download/rimraf-2.7.1.tgz?cache=0&sync_timestamp=1566289585759&other_urls=https%3A%2F%2Fregistry.npm.taobao.org%2Frimraf%2Fdownload%2Frimraf-2.7.1.tgz",
          "bundled": true,
          "dependencies": {
            "glob": {
              "version": "https://registry.npm.taobao.org/glob/download/glob-7.1.6.tgz?cache=0&sync_timestamp=1573078121947&other_urls=https%3A%2F%2Fregistry.npm.taobao.org%2Fglob%2Fdownload%2Fglob-7.1.6.tgz",
              "bundled": true
            }
          }
        }
      }
    },
    "inquirer": {
      "version": "6.5.2",
      "resolved": "https://registry.npm.taobao.org/inquirer/download/inquirer-6.5.2.tgz?cache=0&sync_timestamp=1566531616319&other_urls=https%3A%2F%2Fregistry.npm.taobao.org%2Finquirer%2Fdownload%2Finquirer-6.5.2.tgz",
      "requires": {
        "chalk": "^2.4.2"
      },
      "dependencies": {
        "ansi-escapes": {
          "version": "https://registry.npm.taobao.org/ansi-escapes/download/ansi-escapes-3.2.0.tgz",
          "bundled": true
        },
        "chalk": {
          "version": "https://registry.npm.taobao.org/chalk/download/chalk-2.4.2.tgz?cache=0&sync_timestamp=1573282918610&other_urls=https%3A%2F%2Fregistry.npm.taobao.org%2Fchalk%2Fdownload%2Fchalk-2.4.2.tgz",
          "bundled": true,
          "dependencies": {
            "ansi-styles": {
              "version": "https://registry.npm.taobao.org/ansi-styles/download/ansi-styles-3.2.1.tgz?cache=0&sync_timestamp=1573557628456&other_urls=https%3A%2F%2Fregistry.npm.taobao.org%2Fansi-styles%2Fdownload%2Fansi-styles-3.2.1.tgz",
              "bundled": true,
              "dependencies": {}
            },
            "escape-string-regexp": {
              "version": "https://registry.npm.taobao.org/escape-string-regexp/download/escape-string-regexp-1.0.5.tgz?cache=0&other_urls=https%3A%2F%2Fregistry.npm.taobao.org%2Fescape-string-regexp%2Fdownload%2Fescape-string-regexp-1.0.5.tgz",
              "bundled": true
            },
            "supports-color": {
              "version": "https://registry.npm.taobao.org/supports-color/download/supports-color-5.5.0.tgz?cache=0&other_urls=https%3A%2F%2Fregistry.npm.taobao.org%2Fsupports-color%2Fdownload%2Fsupports-color-5.5.0.tgz",
              "bundled": true
            }
          }
        },
        "cli-cursor": {
          "version": "https://registry.npm.taobao.org/cli-cursor/download/cli-cursor-2.1.0.tgz",
          "bundled": true
        },
        "cli-width": {
          "version": "https://registry.npm.taobao.org/cli-width/download/cli-width-2.2.0.tgz",
          "bundled": true
        },
        "external-editor": {
          "version": "https://registry.npm.taobao.org/external-editor/download/external-editor-3.1.0.tgz?cache=0&sync_timestamp=1562602052556&other_urls=https%3A%2F%2Fregistry.npm.taobao.org%2Fexternal-editor%2Fdownload%2Fexternal-editor-3.1.0.tgz",
          "bundled": true
        },
        "figures": {
          "version": "https://registry.npm.taobao.org/figures/download/figures-2.0.0.tgz?cache=0&sync_timestamp=1571715625804&other_urls=https%3A%2F%2Fregistry.npm.taobao.org%2Ffigures%2Fdownload%2Ffigures-2.0.0.tgz",
          "bundled": true
        },
        "lodash": {
          "version": "https://registry.npm.taobao.org/lodash/download/lodash-4.17.15.tgz",
          "bundled": true
        },
        "mute-stream": {
          "version": "https://registry.npm.taobao.org/mute-stream/download/mute-stream-0.0.7.tgz",
          "bundled": true
        },
        "run-async": {
          "version": "https://registry.npm.taobao.org/run-async/download/run-async-2.3.0.tgz",
          "bundled": true
        },
        "rxjs": {
          "version": "https://registry.npm.taobao.org/rxjs/download/rxjs-6.5.3.tgz?cache=0&sync_timestamp=1568815796923&other_urls=https%3A%2F%2Fregistry.npm.taobao.org%2Frxjs%2Fdownload%2Frxjs-6.5.3.tgz",
          "bundled": true
        },
        "string-width": {
          "version": "https://registry.npm.taobao.org/string-width/download/string-width-2.1.1.tgz?cache=0&other_urls=https%3A%2F%2Fregistry.npm.taobao.org%2Fstring-width%2Fdownload%2Fstring-width-2.1.1.tgz",
          "bundled": true
        },
        "strip-ansi": {
          "version": "https://registry.npm.taobao.org/strip-ansi/download/strip-ansi-5.2.0.tgz?cache=0&sync_timestamp=1573280518303&other_urls=https%3A%2F%2Fregistry.npm.taobao.org%2Fstrip-ansi%2Fdownload%2Fstrip-ansi-5.2.0.tgz",
          "bundled": true,
          "dependencies": {
            "ansi-regex": {
              "version": "https://registry.npm.taobao.org/ansi-regex/download/ansi-regex-4.1.0.tgz?cache=0&sync_timestamp=1570188570027&other_urls=https%3A%2F%2Fregistry.npm.taobao.org%2Fansi-regex%2Fdownload%2Fansi-regex-4.1.0.tgz",
              "bundled": true
            }
          }
        },
        "through": {
          "version": "https://registry.npm.taobao.org/through/download/through-2.3.8.tgz",
          "bundled": true
        }
      }
    },
    "ora": {
      "version": "3.4.0",
      "resolved": "https://registry.npm.taobao.org/ora/download/ora-3.4.0.tgz",
      "requires": {
        "chalk": "^2.4.2"
      },
      "dependencies": {
        "chalk": {
          "version": "https://registry.npm.taobao.org/chalk/download/chalk-2.4.2.tgz?cache=0&sync_timestamp=1573282918610&other_urls=https%3A%2F%2Fregistry.npm.taobao.org%2Fchalk%2Fdownload%2Fchalk-2.4.2.tgz",
          "bundled": true,
          "dependencies": {
            "ansi-styles": {
              "version": "https://registry.npm.taobao.org/ansi-styles/download/ansi-styles-3.2.1.tgz?cache=0&sync_timestamp=1573557628456&other_urls=https%3A%2F%2Fregistry.npm.taobao.org%2Fansi-styles%2Fdownload%2Fansi-styles-3.2.1.tgz",
              "bundled": true,
              "dependencies": {}
            },
            "escape-string-regexp": {
              "version": "https://registry.npm.taobao.org/escape-string-regexp/download/escape-string-regexp-1.0.5.tgz?cache=0&other_urls=https%3A%2F%2Fregistry.npm.taobao.org%2Fescape-string-regexp%2Fdownload%2Fescape-string-regexp-1.0.5.tgz",
              "bundled": true
            },
            "supports-color": {
              "version": "https://registry.npm.taobao.org/supports-color/download/supports-color-5.5.0.tgz?cache=0&other_urls=https%3A%2F%2Fregistry.npm.taobao.org%2Fsupports-color%2Fdownload%2Fsupports-color-5.5.0.tgz",
              "bundled": true
            }
          }
        },
        "cli-cursor": {
          "version": "https://registry.npm.taobao.org/cli-cursor/download/cli-cursor-2.1.0.tgz",
          "bundled": true,
          "dependencies": {
            "restore-cursor": {
              "version": "https://registry.npm.taobao.org/restore-cursor/download/restore-cursor-2.0.0.tgz",
              "bundled": true
            }
          }
        },
        "cli-spinners": {
          "version": "https://registry.npm.taobao.org/cli-spinners/download/cli-spinners-2.2.0.tgz?cache=0&other_urls=https%3A%2F%2Fregistry.npm.taobao.org%2Fcli-spinners%2Fdownload%2Fcli-spinners-2.2.0.tgz",
          "bundled": true
        },
        "log-symbols": {
          "version": "https://registry.npm.taobao.org/log-symbols/download/log-symbols-2.2.0.tgz",
          "bundled": true
        },
        "strip-ansi": {
          "version": "https://registry.npm.taobao.org/strip-ansi/download/strip-ansi-5.2.0.tgz?cache=0&sync_timestamp=1573280518303&other_urls=https%3A%2F%2Fregistry.npm.taobao.org%2Fstrip-ansi%2Fdownload%2Fstrip-ansi-5.2.0.tgz",
          "bundled": true
        },
        "wcwidth": {
          "version": "https://registry.npm.taobao.org/wcwidth/download/wcwidth-1.0.1.tgz",
          "bundled": true
        }
      }
    }
  }
}
